
Microsoft Visual Studio Solution File, Format Version 12.00
# Visual Studio 15
VisualStudioVersion = 15.0.26124.0
MinimumVisualStudioVersion = 15.0.26124.0
Project("{FAE04EC0-301F-11D3-BF4B-00C04F79EFBC}") = "ExampleApp.Api", "ExampleApp.Api\ExampleApp.Api.csproj", "{4753903A-4FC9-4CB4-A265-7C1F0D5EEB52}"
EndProject
Project("{FAE04EC0-301F-11D3-BF4B-00C04F79EFBC}") = "ExampleApp.Contracts", "ExampleApp.Contracts\ExampleApp.Contracts.csproj", "{459BA713-4259-4B4F-8310-96C5DF031092}"
EndProject
Project("{FAE04EC0-301F-11D3-BF4B-00C04F79EFBC}") = "ExampleApp.Domain", "ExampleApp.Domain\ExampleApp.Domain.csproj", "{C489B32D-7218-409E-8961-3CA3A7371258}"
EndProject
Global
	GlobalSection(SolutionConfigurationPlatforms) = preSolution
		Debug|Any CPU = Debug|Any CPU
		Debug|x64 = Debug|x64
		Debug|x86 = Debug|x86
		Release|Any CPU = Release|Any CPU
		Release|x64 = Release|x64
		Release|x86 = Release|x86
	EndGlobalSection
	GlobalSection(SolutionProperties) = preSolution
		HideSolutionNode = FALSE
	EndGlobalSection
	GlobalSection(ProjectConfigurationPlatforms) = postSolution
		{4753903A-4FC9-4CB4-A265-7C1F0D5EEB52}.Debug|Any CPU.ActiveCfg = Debug|Any CPU
		{4753903A-4FC9-4CB4-A265-7C1F0D5EEB52}.Debug|Any CPU.Build.0 = Debug|Any CPU
		{4753903A-4FC9-4CB4-A265-7C1F0D5EEB52}.Debug|x64.ActiveCfg = Debug|Any CPU
		{4753903A-4FC9-4CB4-A265-7C1F0D5EEB52}.Debug|x64.Build.0 = Debug|Any CPU
		{4753903A-4FC9-4CB4-A265-7C1F0D5EEB52}.Debug|x86.ActiveCfg = Debug|Any CPU
		{4753903A-4FC9-4CB4-A265-7C1F0D5EEB52}.Debug|x86.Build.0 = Debug|Any CPU
		{4753903A-4FC9-4CB4-A265-7C1F0D5EEB52}.Release|Any CPU.ActiveCfg = Release|Any CPU
		{4753903A-4FC9-4CB4-A265-7C1F0D5EEB52}.Release|Any CPU.Build.0 = Release|Any CPU
		{4753903A-4FC9-4CB4-A265-7C1F0D5EEB52}.Release|x64.ActiveCfg = Release|Any CPU
		{4753903A-4FC9-4CB4-A265-7C1F0D5EEB52}.Release|x64.Build.0 = Release|Any CPU
		{4753903A-4FC9-4CB4-A265-7C1F0D5EEB52}.Release|x86.ActiveCfg = Release|Any CPU
		{4753903A-4FC9-4CB4-A265-7C1F0D5EEB52}.Release|x86.Build.0 = Release|Any CPU
		{459BA713-4259-4B4F-8310-96C5DF031092}.Debug|Any CPU.ActiveCfg = Debug|Any CPU
		{459BA713-4259-4B4F-8310-96C5DF031092}.Debug|Any CPU.Build.0 = Debug|Any CPU
		{459BA713-4259-4B4F-8310-96C5DF031092}.Debug|x64.ActiveCfg = Debug|Any CPU
		{459BA713-4259-4B4F-8310-96C5DF031092}.Debug|x64.Build.0 = Debug|Any CPU
		{459BA713-4259-4B4F-8310-96C5DF031092}.Debug|x86.ActiveCfg = Debug|Any CPU
		{459BA713-4259-4B4F-8310-96C5DF031092}.Debug|x86.Build.0 = Debug|Any CPU
		{459BA713-4259-4B4F-8310-96C5DF031092}.Release|Any CPU.ActiveCfg = Release|Any CPU
		{459BA713-4259-4B4F-8310-96C5DF031092}.Release|Any CPU.Build.0 = Release|Any CPU
		{459BA713-4259-4B4F-8310-96C5DF031092}.Release|x64.ActiveCfg = Release|Any CPU
		{459BA713-4259-4B4F-8310-96C5DF031092}.Release|x64.Build.0 = Release|Any CPU
		{459BA713-4259-4B4F-8310-96C5DF031092}.Release|x86.ActiveCfg = Release|Any CPU
		{459BA713-4259-4B4F-8310-96C5DF031092}.Release|x86.Build.0 = Release|Any CPU
		{C489B32D-7218-409E-8961-3CA3A7371258}.Debug|Any CPU.ActiveCfg = Debug|Any CPU
		{C489B32D-7218-409E-8961-3CA3A7371258}.Debug|Any CPU.Build.0 = Debug|Any CPU
		{C489B32D-7218-409E-8961-3CA3A7371258}.Debug|x64.ActiveCfg = Debug|Any CPU
		{C489B32D-7218-409E-8961-3CA3A7371258}.Debug|x64.Build.0 = Debug|Any CPU
		{C489B32D-7218-409E-8961-3CA3A7371258}.Debug|x86.ActiveCfg = Debug|Any CPU
		{C489B32D-7218-409E-8961-3CA3A7371258}.Debug|x86.Build.0 = Debug|Any CPU
		{C489B32D-7218-409E-8961-3CA3A7371258}.Release|Any CPU.ActiveCfg = Release|Any CPU
		{C489B32D-7218-409E-8961-3CA3A7371258}.Release|Any CPU.Build.0 = Release|Any CPU
		{C489B32D-7218-409E-8961-3CA3A7371258}.Release|x64.ActiveCfg = Release|Any CPU
		{C489B32D-7218-409E-8961-3CA3A7371258}.Release|x64.Build.0 = Release|Any CPU
		{C489B32D-7218-409E-8961-3CA3A7371258}.Release|x86.ActiveCfg = Release|Any CPU
		{C489B32D-7218-409E-8961-3CA3A7371258}.Release|x86.Build.0 = Release|Any CPU
	EndGlobalSection
EndGlobal
